
Microsoft Visual Studio Solution File, Format Version 12.00
# Visual Studio Version 17
VisualStudioVersion = 17.14.36202.13
MinimumVisualStudioVersion = 10.0.40219.1
Project("{2150E333-8FDC-42A3-9474-1A3956D46DE8}") = "Commons", "Commons", "{02EA681E-C7D8-13C7-8484-4AC65E1B71E8}"
EndProject
Project("{2150E333-8FDC-42A3-9474-1A3956D46DE8}") = "Listening", "Listening", "{369CB01D-A1A7-72D2-AABC-3F0945D148A2}"
EndProject
Project("{2150E333-8FDC-42A3-9474-1A3956D46DE8}") = "FileService", "FileService", "{66177B0C-0F7B-4B26-9AF5-FCFBBD6320C3}"
EndProject
Project("{2150E333-8FDC-42A3-9474-1A3956D46DE8}") = "IdentityService", "IdentityService", "{5BD28155-820C-45E7-871E-334F21221121}"
EndProject
Project("{2150E333-8FDC-42A3-9474-1A3956D46DE8}") = "MediaEncoder", "MediaEncoder", "{7DC331D0-3EC4-40A6-69FB-1CBEB2E0D1EA}"
EndProject
Project("{2150E333-8FDC-42A3-9474-1A3956D46DE8}") = "SearchService", "SearchService", "{643747C7-0307-8931-84D8-A7D1915E22E5}"
EndProject
Project("{FAE04EC0-301F-11D3-BF4B-00C04F79EFBC}") = "Zbw.Commons", "Zbw.Commons\Zbw.Commons.csproj", "{355ABC83-8F51-4247-AB88-5F45875776AE}"
EndProject
Project("{FAE04EC0-301F-11D3-BF4B-00C04F79EFBC}") = "Zbw.DomainCommons", "Zbw.DomainCommons\Zbw.DomainCommons.csproj", "{B219996A-93D5-42C8-9153-24BC32E7E46A}"
EndProject
Project("{FAE04EC0-301F-11D3-BF4B-00C04F79EFBC}") = "Zbw.Infrastructure", "Zbw.Infrastructure\Zbw.Infrastructure.csproj", "{64D809F7-7B53-48EE-B9D6-9B08B11C705E}"
EndProject
Project("{FAE04EC0-301F-11D3-BF4B-00C04F79EFBC}") = "Zbw.ASPNETCore", "Zbw.ASPNETCore\Zbw.ASPNETCore.csproj", "{7F1616C4-EA91-4AAE-9CBA-44A1962C5CFE}"
EndProject
Project("{FAE04EC0-301F-11D3-BF4B-00C04F79EFBC}") = "Zbw.EventBus", "Zbw.EventBus\Zbw.EventBus.csproj", "{CF58CB9F-05C2-4667-B122-523DA7337DBF}"
EndProject
Project("{FAE04EC0-301F-11D3-BF4B-00C04F79EFBC}") = "Zbw.JWT", "Zbw.JWT\Zbw.JWT.csproj", "{37152718-CC8B-4EDA-9AA8-89415390C854}"
EndProject
Project("{FAE04EC0-301F-11D3-BF4B-00C04F79EFBC}") = "CommonInitializer", "CommonInitializer\CommonInitializer.csproj", "{28447D74-8262-4988-9B37-A9A0305C432E}"
EndProject
Project("{FAE04EC0-301F-11D3-BF4B-00C04F79EFBC}") = "Listening.Domain", "Listening.Domain\Listening.Domain.csproj", "{6292D743-2D82-49FB-AE49-6669D6950CA9}"
EndProject
Project("{FAE04EC0-301F-11D3-BF4B-00C04F79EFBC}") = "Listening.Infrastructure", "Listening.Infrastructure\Listening.Infrastructure.csproj", "{51CB33B4-0EEF-4E8C-BC3E-77FFEDDF2AF3}"
EndProject
Project("{FAE04EC0-301F-11D3-BF4B-00C04F79EFBC}") = "Listening.Admin.WebAPI", "Listening.Admin.WebAPI\Listening.Admin.WebAPI.csproj", "{15BC3119-88B9-4A51-9055-CB47AA92A6EB}"
EndProject
Project("{FAE04EC0-301F-11D3-BF4B-00C04F79EFBC}") = "Listening.Main.WebAPI", "Listening.Main.WebAPI\Listening.Main.WebAPI.csproj", "{D6FAE4DB-41A3-43E9-B4FE-115FA2D46A90}"
EndProject
Project("{FAE04EC0-301F-11D3-BF4B-00C04F79EFBC}") = "IdentityService.Domain", "IdentityService.Domain\IdentityService.Domain.csproj", "{E685AA9A-E200-4C1C-819C-28CF9AFA4517}"
EndProject
Project("{FAE04EC0-301F-11D3-BF4B-00C04F79EFBC}") = "IdentityService.Infrastructure", "IdentityService.Infrastructure\IdentityService.Infrastructure.csproj", "{F42B23B6-6FAF-4BED-8304-A2E9F9BBF3AF}"
EndProject
Project("{FAE04EC0-301F-11D3-BF4B-00C04F79EFBC}") = "IdentityService.WebAPI", "IdentityService.WebAPI\IdentityService.WebAPI.csproj", "{B6D87EF7-5A5F-4052-8E3F-DB9063B2F987}"
EndProject
Project("{FAE04EC0-301F-11D3-BF4B-00C04F79EFBC}") = "FileService.Domain", "FileService.Domain\FileService.Domain.csproj", "{A1069088-4EF7-4E3E-91F3-54F7C712E60B}"
EndProject
Project("{FAE04EC0-301F-11D3-BF4B-00C04F79EFBC}") = "FileService.Infrastructure", "FileService.Infrastructure\FileService.Infrastructure.csproj", "{46013EEA-81D8-4C97-A040-9975A6F3EC26}"
EndProject
Project("{FAE04EC0-301F-11D3-BF4B-00C04F79EFBC}") = "FileService.WebAPI", "FileService.WebAPI\FileService.WebAPI.csproj", "{1653359C-A679-45A9-B3E2-82ED7932E5A7}"
EndProject
Global
	GlobalSection(SolutionConfigurationPlatforms) = preSolution
		Debug|Any CPU = Debug|Any CPU
		Release|Any CPU = Release|Any CPU
	EndGlobalSection
	GlobalSection(ProjectConfigurationPlatforms) = postSolution
		{355ABC83-8F51-4247-AB88-5F45875776AE}.Debug|Any CPU.ActiveCfg = Debug|Any CPU
		{355ABC83-8F51-4247-AB88-5F45875776AE}.Debug|Any CPU.Build.0 = Debug|Any CPU
		{355ABC83-8F51-4247-AB88-5F45875776AE}.Release|Any CPU.ActiveCfg = Release|Any CPU
		{355ABC83-8F51-4247-AB88-5F45875776AE}.Release|Any CPU.Build.0 = Release|Any CPU
		{B219996A-93D5-42C8-9153-24BC32E7E46A}.Debug|Any CPU.ActiveCfg = Debug|Any CPU
		{B219996A-93D5-42C8-9153-24BC32E7E46A}.Debug|Any CPU.Build.0 = Debug|Any CPU
		{B219996A-93D5-42C8-9153-24BC32E7E46A}.Release|Any CPU.ActiveCfg = Release|Any CPU
		{B219996A-93D5-42C8-9153-24BC32E7E46A}.Release|Any CPU.Build.0 = Release|Any CPU
		{64D809F7-7B53-48EE-B9D6-9B08B11C705E}.Debug|Any CPU.ActiveCfg = Debug|Any CPU
		{64D809F7-7B53-48EE-B9D6-9B08B11C705E}.Debug|Any CPU.Build.0 = Debug|Any CPU
		{64D809F7-7B53-48EE-B9D6-9B08B11C705E}.Release|Any CPU.ActiveCfg = Release|Any CPU
		{64D809F7-7B53-48EE-B9D6-9B08B11C705E}.Release|Any CPU.Build.0 = Release|Any CPU
		{7F1616C4-EA91-4AAE-9CBA-44A1962C5CFE}.Debug|Any CPU.ActiveCfg = Debug|Any CPU
		{7F1616C4-EA91-4AAE-9CBA-44A1962C5CFE}.Debug|Any CPU.Build.0 = Debug|Any CPU
		{7F1616C4-EA91-4AAE-9CBA-44A1962C5CFE}.Release|Any CPU.ActiveCfg = Release|Any CPU
		{7F1616C4-EA91-4AAE-9CBA-44A1962C5CFE}.Release|Any CPU.Build.0 = Release|Any CPU
		{CF58CB9F-05C2-4667-B122-523DA7337DBF}.Debug|Any CPU.ActiveCfg = Debug|Any CPU
		{CF58CB9F-05C2-4667-B122-523DA7337DBF}.Debug|Any CPU.Build.0 = Debug|Any CPU
		{CF58CB9F-05C2-4667-B122-523DA7337DBF}.Release|Any CPU.ActiveCfg = Release|Any CPU
		{CF58CB9F-05C2-4667-B122-523DA7337DBF}.Release|Any CPU.Build.0 = Release|Any CPU
		{37152718-CC8B-4EDA-9AA8-89415390C854}.Debug|Any CPU.ActiveCfg = Debug|Any CPU
		{37152718-CC8B-4EDA-9AA8-89415390C854}.Debug|Any CPU.Build.0 = Debug|Any CPU
		{37152718-CC8B-4EDA-9AA8-89415390C854}.Release|Any CPU.ActiveCfg = Release|Any CPU
		{37152718-CC8B-4EDA-9AA8-89415390C854}.Release|Any CPU.Build.0 = Release|Any CPU
		{28447D74-8262-4988-9B37-A9A0305C432E}.Debug|Any CPU.ActiveCfg = Debug|Any CPU
		{28447D74-8262-4988-9B37-A9A0305C432E}.Debug|Any CPU.Build.0 = Debug|Any CPU
		{28447D74-8262-4988-9B37-A9A0305C432E}.Release|Any CPU.ActiveCfg = Release|Any CPU
		{28447D74-8262-4988-9B37-A9A0305C432E}.Release|Any CPU.Build.0 = Release|Any CPU
		{6292D743-2D82-49FB-AE49-6669D6950CA9}.Debug|Any CPU.ActiveCfg = Debug|Any CPU
		{6292D743-2D82-49FB-AE49-6669D6950CA9}.Debug|Any CPU.Build.0 = Debug|Any CPU
		{6292D743-2D82-49FB-AE49-6669D6950CA9}.Release|Any CPU.ActiveCfg = Release|Any CPU
		{6292D743-2D82-49FB-AE49-6669D6950CA9}.Release|Any CPU.Build.0 = Release|Any CPU
		{51CB33B4-0EEF-4E8C-BC3E-77FFEDDF2AF3}.Debug|Any CPU.ActiveCfg = Debug|Any CPU
		{51CB33B4-0EEF-4E8C-BC3E-77FFEDDF2AF3}.Debug|Any CPU.Build.0 = Debug|Any CPU
		{51CB33B4-0EEF-4E8C-BC3E-77FFEDDF2AF3}.Release|Any CPU.ActiveCfg = Release|Any CPU
		{51CB33B4-0EEF-4E8C-BC3E-77FFEDDF2AF3}.Release|Any CPU.Build.0 = Release|Any CPU
		{15BC3119-88B9-4A51-9055-CB47AA92A6EB}.Debug|Any CPU.ActiveCfg = Debug|Any CPU
		{15BC3119-88B9-4A51-9055-CB47AA92A6EB}.Debug|Any CPU.Build.0 = Debug|Any CPU
		{15BC3119-88B9-4A51-9055-CB47AA92A6EB}.Release|Any CPU.ActiveCfg = Release|Any CPU
		{15BC3119-88B9-4A51-9055-CB47AA92A6EB}.Release|Any CPU.Build.0 = Release|Any CPU
		{D6FAE4DB-41A3-43E9-B4FE-115FA2D46A90}.Debug|Any CPU.ActiveCfg = Debug|Any CPU
		{D6FAE4DB-41A3-43E9-B4FE-115FA2D46A90}.Debug|Any CPU.Build.0 = Debug|Any CPU
		{D6FAE4DB-41A3-43E9-B4FE-115FA2D46A90}.Release|Any CPU.ActiveCfg = Release|Any CPU
		{D6FAE4DB-41A3-43E9-B4FE-115FA2D46A90}.Release|Any CPU.Build.0 = Release|Any CPU
		{E685AA9A-E200-4C1C-819C-28CF9AFA4517}.Debug|Any CPU.ActiveCfg = Debug|Any CPU
		{E685AA9A-E200-4C1C-819C-28CF9AFA4517}.Debug|Any CPU.Build.0 = Debug|Any CPU
		{E685AA9A-E200-4C1C-819C-28CF9AFA4517}.Release|Any CPU.ActiveCfg = Release|Any CPU
		{E685AA9A-E200-4C1C-819C-28CF9AFA4517}.Release|Any CPU.Build.0 = Release|Any CPU
		{F42B23B6-6FAF-4BED-8304-A2E9F9BBF3AF}.Debug|Any CPU.ActiveCfg = Debug|Any CPU
		{F42B23B6-6FAF-4BED-8304-A2E9F9BBF3AF}.Debug|Any CPU.Build.0 = Debug|Any CPU
		{F42B23B6-6FAF-4BED-8304-A2E9F9BBF3AF}.Release|Any CPU.ActiveCfg = Release|Any CPU
		{F42B23B6-6FAF-4BED-8304-A2E9F9BBF3AF}.Release|Any CPU.Build.0 = Release|Any CPU
		{B6D87EF7-5A5F-4052-8E3F-DB9063B2F987}.Debug|Any CPU.ActiveCfg = Debug|Any CPU
		{B6D87EF7-5A5F-4052-8E3F-DB9063B2F987}.Debug|Any CPU.Build.0 = Debug|Any CPU
		{B6D87EF7-5A5F-4052-8E3F-DB9063B2F987}.Release|Any CPU.ActiveCfg = Release|Any CPU
		{B6D87EF7-5A5F-4052-8E3F-DB9063B2F987}.Release|Any CPU.Build.0 = Release|Any CPU
		{A1069088-4EF7-4E3E-91F3-54F7C712E60B}.Debug|Any CPU.ActiveCfg = Debug|Any CPU
		{A1069088-4EF7-4E3E-91F3-54F7C712E60B}.Debug|Any CPU.Build.0 = Debug|Any CPU
		{A1069088-4EF7-4E3E-91F3-54F7C712E60B}.Release|Any CPU.ActiveCfg = Release|Any CPU
		{A1069088-4EF7-4E3E-91F3-54F7C712E60B}.Release|Any CPU.Build.0 = Release|Any CPU
		{46013EEA-81D8-4C97-A040-9975A6F3EC26}.Debug|Any CPU.ActiveCfg = Debug|Any CPU
		{46013EEA-81D8-4C97-A040-9975A6F3EC26}.Debug|Any CPU.Build.0 = Debug|Any CPU
		{46013EEA-81D8-4C97-A040-9975A6F3EC26}.Release|Any CPU.ActiveCfg = Release|Any CPU
		{46013EEA-81D8-4C97-A040-9975A6F3EC26}.Release|Any CPU.Build.0 = Release|Any CPU
		{1653359C-A679-45A9-B3E2-82ED7932E5A7}.Debug|Any CPU.ActiveCfg = Debug|Any CPU
		{1653359C-A679-45A9-B3E2-82ED7932E5A7}.Debug|Any CPU.Build.0 = Debug|Any CPU
		{1653359C-A679-45A9-B3E2-82ED7932E5A7}.Release|Any CPU.ActiveCfg = Release|Any CPU
		{1653359C-A679-45A9-B3E2-82ED7932E5A7}.Release|Any CPU.Build.0 = Release|Any CPU
	EndGlobalSection
	GlobalSection(SolutionProperties) = preSolution
		HideSolutionNode = FALSE
	EndGlobalSection
	GlobalSection(NestedProjects) = preSolution
		{355ABC83-8F51-4247-AB88-5F45875776AE} = {02EA681E-C7D8-13C7-8484-4AC65E1B71E8}
		{B219996A-93D5-42C8-9153-24BC32E7E46A} = {02EA681E-C7D8-13C7-8484-4AC65E1B71E8}
		{64D809F7-7B53-48EE-B9D6-9B08B11C705E} = {02EA681E-C7D8-13C7-8484-4AC65E1B71E8}
		{7F1616C4-EA91-4AAE-9CBA-44A1962C5CFE} = {02EA681E-C7D8-13C7-8484-4AC65E1B71E8}
		{CF58CB9F-05C2-4667-B122-523DA7337DBF} = {02EA681E-C7D8-13C7-8484-4AC65E1B71E8}
		{37152718-CC8B-4EDA-9AA8-89415390C854} = {02EA681E-C7D8-13C7-8484-4AC65E1B71E8}
		{28447D74-8262-4988-9B37-A9A0305C432E} = {02EA681E-C7D8-13C7-8484-4AC65E1B71E8}
		{6292D743-2D82-49FB-AE49-6669D6950CA9} = {369CB01D-A1A7-72D2-AABC-3F0945D148A2}
		{51CB33B4-0EEF-4E8C-BC3E-77FFEDDF2AF3} = {369CB01D-A1A7-72D2-AABC-3F0945D148A2}
		{15BC3119-88B9-4A51-9055-CB47AA92A6EB} = {369CB01D-A1A7-72D2-AABC-3F0945D148A2}
		{D6FAE4DB-41A3-43E9-B4FE-115FA2D46A90} = {369CB01D-A1A7-72D2-AABC-3F0945D148A2}
		{E685AA9A-E200-4C1C-819C-28CF9AFA4517} = {5BD28155-820C-45E7-871E-334F21221121}
		{F42B23B6-6FAF-4BED-8304-A2E9F9BBF3AF} = {5BD28155-820C-45E7-871E-334F21221121}
		{B6D87EF7-5A5F-4052-8E3F-DB9063B2F987} = {5BD28155-820C-45E7-871E-334F21221121}
		{A1069088-4EF7-4E3E-91F3-54F7C712E60B} = {66177B0C-0F7B-4B26-9AF5-FCFBBD6320C3}
		{46013EEA-81D8-4C97-A040-9975A6F3EC26} = {66177B0C-0F7B-4B26-9AF5-FCFBBD6320C3}
		{1653359C-A679-45A9-B3E2-82ED7932E5A7} = {66177B0C-0F7B-4B26-9AF5-FCFBBD6320C3}
	EndGlobalSection
	GlobalSection(ExtensibilityGlobals) = postSolution
		SolutionGuid = {4B53456A-8442-4C13-BAB0-A385004FE725}
	EndGlobalSection
EndGlobal
